
Microsoft Visual Studio Solution File, Format Version 12.00
# Visual Studio Version 16
VisualStudioVersion = 16.0.30717.126
MinimumVisualStudioVersion = 10.0.40219.1
Project("{FAE04EC0-301F-11D3-BF4B-00C04F79EFBC}") = "20201205_1", "ConsoleApp1\20201205_1.csproj", "{A6A9E335-D16F-4209-8D29-AE8BEFD89C3F}"
EndProject
Project("{FAE04EC0-301F-11D3-BF4B-00C04F79EFBC}") = "20201205_2", "ConsoleApp2\20201205_2.csproj", "{1EC3DF72-7B02-44E5-BD0A-F6739EC5C393}"
EndProject
Project("{FAE04EC0-301F-11D3-BF4B-00C04F79EFBC}") = "20201205_三元表达式", "ConsoleApp3\20201205_三元表达式.csproj", "{8ABEE178-1E3A-4043-9EE0-E7BE72ABAB41}"
EndProject
Project("{9A19103F-16F7-4668-BE54-9A1E7A4F7556}") = "20201211_题目_代金券", "ConsoleApp4\20201211_题目_代金券.csproj", "{4B24E12E-8C2E-491C-AFD3-D9AEC4D13600}"
EndProject
Project("{9A19103F-16F7-4668-BE54-9A1E7A4F7556}") = "20201211_题目_九九乘法表", "ConsoleApp5\20201211_题目_九九乘法表.csproj", "{0B9572C9-36CB-4570-9A4B-9EE683375E6E}"
EndProject
Project("{9A19103F-16F7-4668-BE54-9A1E7A4F7556}") = "20201211_题目_等腰三角形", "ConsoleApp6\20201211_题目_等腰三角形.csproj", "{734FDD17-3E7E-4BBF-AD4A-902B14DB8769}"
EndProject
Project("{9A19103F-16F7-4668-BE54-9A1E7A4F7556}") = "20201211_题目_冒泡排序", "ConsoleApp7\20201211_题目_冒泡排序.csproj", "{4E80DCB6-369A-4158-897A-88CB14131653}"
EndProject
Project("{9A19103F-16F7-4668-BE54-9A1E7A4F7556}") = "20201211_题目_IndexOf", "ConsoleApp8\20201211_题目_IndexOf.csproj", "{BBEC6D3A-F674-4336-BE08-37E72E6F3062}"
EndProject
Project("{9A19103F-16F7-4668-BE54-9A1E7A4F7556}") = "20201211_题目_Equals", "ConsoleApp9\20201211_题目_Equals.csproj", "{97BD33FC-EE7D-4697-A8F0-DF8C30F8618D}"
EndProject
Project("{9A19103F-16F7-4668-BE54-9A1E7A4F7556}") = "20201211_题目_截取邮箱", "ConsoleApp10\20201211_题目_截取邮箱.csproj", "{941C08A0-AEA8-4233-973F-3EAC4494FE79}"
EndProject
Project("{9A19103F-16F7-4668-BE54-9A1E7A4F7556}") = "20201211_题目_获取字符串冒泡排序", "ConsoleApp11\20201211_题目_获取字符串冒泡排序.csproj", "{7E0FC3EC-0116-40C9-BD83-F14C729A0650}"
EndProject
Project("{9A19103F-16F7-4668-BE54-9A1E7A4F7556}") = "20201211_题目_获取最大值", "ConsoleApp12\20201211_题目_获取最大值.csproj", "{D8EE032F-1850-45D1-9F7B-616CCFA2A1D0}"
EndProject
Project("{FAE04EC0-301F-11D3-BF4B-00C04F79EFBC}") = "20201211_题目_随机数获取最大值", "ConsoleApp13\20201211_题目_随机数获取最大值.csproj", "{1B9F7100-0D71-41E5-89EF-EED880DA12F3}"
EndProject
Project("{FAE04EC0-301F-11D3-BF4B-00C04F79EFBC}") = "20201211_作业", "20201213_作业\20201211_作业.csproj", "{03067366-5E5E-46A1-9BB3-62267506AEEA}"
EndProject
Project("{2150E333-8FDC-42A3-9474-1A3956D46DE8}") = "20201205", "20201205", "{9A2C23C6-DE2F-4B2F-B05C-B4A6CFDA6B2C}"
EndProject
Project("{2150E333-8FDC-42A3-9474-1A3956D46DE8}") = "20201211", "20201211", "{93903553-D9EF-4AFE-823E-A81AF43BC1AB}"
EndProject
Project("{2150E333-8FDC-42A3-9474-1A3956D46DE8}") = "202012", "202012", "{3196608E-FD0F-4986-99E1-3A99594BC89A}"
EndProject
Project("{2150E333-8FDC-42A3-9474-1A3956D46DE8}") = "now", "now", "{5D712BC8-7627-420E-9041-A0F896E77094}"
EndProject
Project("{2150E333-8FDC-42A3-9474-1A3956D46DE8}") = "20201219", "20201219", "{D721CEA5-3A94-4410-BE04-CB3B283447B3}"
EndProject
Project("{FAE04EC0-301F-11D3-BF4B-00C04F79EFBC}") = "水仙数", "水仙数\水仙数.csproj", "{E2621A8B-B6CA-4DC7-AA6E-26AF965AC5A9}"
EndProject
Project("{FAE04EC0-301F-11D3-BF4B-00C04F79EFBC}") = "求100以内奇数的和", "求100以内奇数的和】\求100以内奇数的和.csproj", "{66D75443-84CE-4CB4-9C4D-C0CB16B20391}"
EndProject
Project("{FAE04EC0-301F-11D3-BF4B-00C04F79EFBC}") = "质数", "质数\质数.csproj", "{70774FF5-247F-4E3C-8C90-CF27B4FDE13D}"
EndProject
Project("{FAE04EC0-301F-11D3-BF4B-00C04F79EFBC}") = "平均值", "平均值\平均值.csproj", "{DAC4F273-5271-42FA-852B-68E670BAD37A}"
EndProject
Project("{FAE04EC0-301F-11D3-BF4B-00C04F79EFBC}") = "10转2进制", "10转2进制\10转2进制.csproj", "{67A14A47-01D6-4B18-AF55-8C6FE8A30569}"
EndProject
Project("{FAE04EC0-301F-11D3-BF4B-00C04F79EFBC}") = "随机生成10个随机的偶数求和(重)", "随机生成10个随机的偶数求和\随机生成10个随机的偶数求和(重).csproj", "{6001ED0E-3B37-4253-B797-7C52FAEEDD75}"
EndProject
Project("{FAE04EC0-301F-11D3-BF4B-00C04F79EFBC}") = "求和", "求和\求和.csproj", "{06DB411A-4757-4A00-88D4-19240DF20ED6}"
EndProject
Project("{FAE04EC0-301F-11D3-BF4B-00C04F79EFBC}") = "输出数组中名字最长的名字", "输出数组中名字最长的名字\输出数组中名字最长的名字.csproj", "{E3EC6631-E024-4F08-B1B2-342CB68A2483}"
EndProject
Project("{FAE04EC0-301F-11D3-BF4B-00C04F79EFBC}") = "递归", "递归\递归.csproj", "{0038AC47-F1D7-4158-8758-A14CB69FF42C}"
EndProject
Project("{FAE04EC0-301F-11D3-BF4B-00C04F79EFBC}") = "输出学生名字", "输出学生名字\输出学生名字.csproj", "{9BD6B12E-72E4-4322-86A7-D9C3E280FA44}"
EndProject
Project("{2150E333-8FDC-42A3-9474-1A3956D46DE8}") = "20201220", "20201220", "{13DEEEDD-A5CF-47F4-891B-1F8F6621061F}"
EndProject
Project("{FAE04EC0-301F-11D3-BF4B-00C04F79EFBC}") = "Person", "20201220\Person\Person.csproj", "{2B313307-FAFC-4972-9B27-161DB81B7F32}"
EndProject
Project("{FAE04EC0-301F-11D3-BF4B-00C04F79EFBC}") = "Ticket", "20201220\Ticket\Ticket.csproj", "{0EC29283-85F1-4570-815D-10C934E2BC58}"
EndProject
Global
	GlobalSection(SolutionConfigurationPlatforms) = preSolution
		Debug|Any CPU = Debug|Any CPU
		Release|Any CPU = Release|Any CPU
	EndGlobalSection
	GlobalSection(ProjectConfigurationPlatforms) = postSolution
		{A6A9E335-D16F-4209-8D29-AE8BEFD89C3F}.Debug|Any CPU.ActiveCfg = Debug|Any CPU
		{A6A9E335-D16F-4209-8D29-AE8BEFD89C3F}.Debug|Any CPU.Build.0 = Debug|Any CPU
		{A6A9E335-D16F-4209-8D29-AE8BEFD89C3F}.Release|Any CPU.ActiveCfg = Release|Any CPU
		{A6A9E335-D16F-4209-8D29-AE8BEFD89C3F}.Release|Any CPU.Build.0 = Release|Any CPU
		{1EC3DF72-7B02-44E5-BD0A-F6739EC5C393}.Debug|Any CPU.ActiveCfg = Debug|Any CPU
		{1EC3DF72-7B02-44E5-BD0A-F6739EC5C393}.Debug|Any CPU.Build.0 = Debug|Any CPU
		{1EC3DF72-7B02-44E5-BD0A-F6739EC5C393}.Release|Any CPU.ActiveCfg = Release|Any CPU
		{1EC3DF72-7B02-44E5-BD0A-F6739EC5C393}.Release|Any CPU.Build.0 = Release|Any CPU
		{8ABEE178-1E3A-4043-9EE0-E7BE72ABAB41}.Debug|Any CPU.ActiveCfg = Debug|Any CPU
		{8ABEE178-1E3A-4043-9EE0-E7BE72ABAB41}.Debug|Any CPU.Build.0 = Debug|Any CPU
		{8ABEE178-1E3A-4043-9EE0-E7BE72ABAB41}.Release|Any CPU.ActiveCfg = Release|Any CPU
		{8ABEE178-1E3A-4043-9EE0-E7BE72ABAB41}.Release|Any CPU.Build.0 = Release|Any CPU
		{4B24E12E-8C2E-491C-AFD3-D9AEC4D13600}.Debug|Any CPU.ActiveCfg = Debug|Any CPU
		{4B24E12E-8C2E-491C-AFD3-D9AEC4D13600}.Debug|Any CPU.Build.0 = Debug|Any CPU
		{4B24E12E-8C2E-491C-AFD3-D9AEC4D13600}.Release|Any CPU.ActiveCfg = Release|Any CPU
		{4B24E12E-8C2E-491C-AFD3-D9AEC4D13600}.Release|Any CPU.Build.0 = Release|Any CPU
		{0B9572C9-36CB-4570-9A4B-9EE683375E6E}.Debug|Any CPU.ActiveCfg = Debug|Any CPU
		{0B9572C9-36CB-4570-9A4B-9EE683375E6E}.Debug|Any CPU.Build.0 = Debug|Any CPU
		{0B9572C9-36CB-4570-9A4B-9EE683375E6E}.Release|Any CPU.ActiveCfg = Release|Any CPU
		{0B9572C9-36CB-4570-9A4B-9EE683375E6E}.Release|Any CPU.Build.0 = Release|Any CPU
		{734FDD17-3E7E-4BBF-AD4A-902B14DB8769}.Debug|Any CPU.ActiveCfg = Debug|Any CPU
		{734FDD17-3E7E-4BBF-AD4A-902B14DB8769}.Debug|Any CPU.Build.0 = Debug|Any CPU
		{734FDD17-3E7E-4BBF-AD4A-902B14DB8769}.Release|Any CPU.ActiveCfg = Release|Any CPU
		{734FDD17-3E7E-4BBF-AD4A-902B14DB8769}.Release|Any CPU.Build.0 = Release|Any CPU
		{4E80DCB6-369A-4158-897A-88CB14131653}.Debug|Any CPU.ActiveCfg = Debug|Any CPU
		{4E80DCB6-369A-4158-897A-88CB14131653}.Debug|Any CPU.Build.0 = Debug|Any CPU
		{4E80DCB6-369A-4158-897A-88CB14131653}.Release|Any CPU.ActiveCfg = Release|Any CPU
		{4E80DCB6-369A-4158-897A-88CB14131653}.Release|Any CPU.Build.0 = Release|Any CPU
		{BBEC6D3A-F674-4336-BE08-37E72E6F3062}.Debug|Any CPU.ActiveCfg = Debug|Any CPU
		{BBEC6D3A-F674-4336-BE08-37E72E6F3062}.Debug|Any CPU.Build.0 = Debug|Any CPU
		{BBEC6D3A-F674-4336-BE08-37E72E6F3062}.Release|Any CPU.ActiveCfg = Release|Any CPU
		{BBEC6D3A-F674-4336-BE08-37E72E6F3062}.Release|Any CPU.Build.0 = Release|Any CPU
		{97BD33FC-EE7D-4697-A8F0-DF8C30F8618D}.Debug|Any CPU.ActiveCfg = Debug|Any CPU
		{97BD33FC-EE7D-4697-A8F0-DF8C30F8618D}.Debug|Any CPU.Build.0 = Debug|Any CPU
		{97BD33FC-EE7D-4697-A8F0-DF8C30F8618D}.Release|Any CPU.ActiveCfg = Release|Any CPU
		{97BD33FC-EE7D-4697-A8F0-DF8C30F8618D}.Release|Any CPU.Build.0 = Release|Any CPU
		{941C08A0-AEA8-4233-973F-3EAC4494FE79}.Debug|Any CPU.ActiveCfg = Debug|Any CPU
		{941C08A0-AEA8-4233-973F-3EAC4494FE79}.Debug|Any CPU.Build.0 = Debug|Any CPU
		{941C08A0-AEA8-4233-973F-3EAC4494FE79}.Release|Any CPU.ActiveCfg = Release|Any CPU
		{941C08A0-AEA8-4233-973F-3EAC4494FE79}.Release|Any CPU.Build.0 = Release|Any CPU
		{7E0FC3EC-0116-40C9-BD83-F14C729A0650}.Debug|Any CPU.ActiveCfg = Debug|Any CPU
		{7E0FC3EC-0116-40C9-BD83-F14C729A0650}.Debug|Any CPU.Build.0 = Debug|Any CPU
		{7E0FC3EC-0116-40C9-BD83-F14C729A0650}.Release|Any CPU.ActiveCfg = Release|Any CPU
		{7E0FC3EC-0116-40C9-BD83-F14C729A0650}.Release|Any CPU.Build.0 = Release|Any CPU
		{D8EE032F-1850-45D1-9F7B-616CCFA2A1D0}.Debug|Any CPU.ActiveCfg = Debug|Any CPU
		{D8EE032F-1850-45D1-9F7B-616CCFA2A1D0}.Debug|Any CPU.Build.0 = Debug|Any CPU
		{D8EE032F-1850-45D1-9F7B-616CCFA2A1D0}.Release|Any CPU.ActiveCfg = Release|Any CPU
		{D8EE032F-1850-45D1-9F7B-616CCFA2A1D0}.Release|Any CPU.Build.0 = Release|Any CPU
		{1B9F7100-0D71-41E5-89EF-EED880DA12F3}.Debug|Any CPU.ActiveCfg = Debug|Any CPU
		{1B9F7100-0D71-41E5-89EF-EED880DA12F3}.Debug|Any CPU.Build.0 = Debug|Any CPU
		{1B9F7100-0D71-41E5-89EF-EED880DA12F3}.Release|Any CPU.ActiveCfg = Release|Any CPU
		{1B9F7100-0D71-41E5-89EF-EED880DA12F3}.Release|Any CPU.Build.0 = Release|Any CPU
		{03067366-5E5E-46A1-9BB3-62267506AEEA}.Debug|Any CPU.ActiveCfg = Debug|Any CPU
		{03067366-5E5E-46A1-9BB3-62267506AEEA}.Debug|Any CPU.Build.0 = Debug|Any CPU
		{03067366-5E5E-46A1-9BB3-62267506AEEA}.Release|Any CPU.ActiveCfg = Release|Any CPU
		{03067366-5E5E-46A1-9BB3-62267506AEEA}.Release|Any CPU.Build.0 = Release|Any CPU
		{E2621A8B-B6CA-4DC7-AA6E-26AF965AC5A9}.Debug|Any CPU.ActiveCfg = Debug|Any CPU
		{E2621A8B-B6CA-4DC7-AA6E-26AF965AC5A9}.Debug|Any CPU.Build.0 = Debug|Any CPU
		{E2621A8B-B6CA-4DC7-AA6E-26AF965AC5A9}.Release|Any CPU.ActiveCfg = Release|Any CPU
		{E2621A8B-B6CA-4DC7-AA6E-26AF965AC5A9}.Release|Any CPU.Build.0 = Release|Any CPU
		{66D75443-84CE-4CB4-9C4D-C0CB16B20391}.Debug|Any CPU.ActiveCfg = Debug|Any CPU
		{66D75443-84CE-4CB4-9C4D-C0CB16B20391}.Debug|Any CPU.Build.0 = Debug|Any CPU
		{66D75443-84CE-4CB4-9C4D-C0CB16B20391}.Release|Any CPU.ActiveCfg = Release|Any CPU
		{66D75443-84CE-4CB4-9C4D-C0CB16B20391}.Release|Any CPU.Build.0 = Release|Any CPU
		{70774FF5-247F-4E3C-8C90-CF27B4FDE13D}.Debug|Any CPU.ActiveCfg = Debug|Any CPU
		{70774FF5-247F-4E3C-8C90-CF27B4FDE13D}.Debug|Any CPU.Build.0 = Debug|Any CPU
		{70774FF5-247F-4E3C-8C90-CF27B4FDE13D}.Release|Any CPU.ActiveCfg = Release|Any CPU
		{70774FF5-247F-4E3C-8C90-CF27B4FDE13D}.Release|Any CPU.Build.0 = Release|Any CPU
		{DAC4F273-5271-42FA-852B-68E670BAD37A}.Debug|Any CPU.ActiveCfg = Debug|Any CPU
		{DAC4F273-5271-42FA-852B-68E670BAD37A}.Debug|Any CPU.Build.0 = Debug|Any CPU
		{DAC4F273-5271-42FA-852B-68E670BAD37A}.Release|Any CPU.ActiveCfg = Release|Any CPU
		{DAC4F273-5271-42FA-852B-68E670BAD37A}.Release|Any CPU.Build.0 = Release|Any CPU
		{67A14A47-01D6-4B18-AF55-8C6FE8A30569}.Debug|Any CPU.ActiveCfg = Debug|Any CPU
		{67A14A47-01D6-4B18-AF55-8C6FE8A30569}.Debug|Any CPU.Build.0 = Debug|Any CPU
		{67A14A47-01D6-4B18-AF55-8C6FE8A30569}.Release|Any CPU.ActiveCfg = Release|Any CPU
		{67A14A47-01D6-4B18-AF55-8C6FE8A30569}.Release|Any CPU.Build.0 = Release|Any CPU
		{6001ED0E-3B37-4253-B797-7C52FAEEDD75}.Debug|Any CPU.ActiveCfg = Debug|Any CPU
		{6001ED0E-3B37-4253-B797-7C52FAEEDD75}.Debug|Any CPU.Build.0 = Debug|Any CPU
		{6001ED0E-3B37-4253-B797-7C52FAEEDD75}.Release|Any CPU.ActiveCfg = Release|Any CPU
		{6001ED0E-3B37-4253-B797-7C52FAEEDD75}.Release|Any CPU.Build.0 = Release|Any CPU
		{06DB411A-4757-4A00-88D4-19240DF20ED6}.Debug|Any CPU.ActiveCfg = Debug|Any CPU
		{06DB411A-4757-4A00-88D4-19240DF20ED6}.Debug|Any CPU.Build.0 = Debug|Any CPU
		{06DB411A-4757-4A00-88D4-19240DF20ED6}.Release|Any CPU.ActiveCfg = Release|Any CPU
		{06DB411A-4757-4A00-88D4-19240DF20ED6}.Release|Any CPU.Build.0 = Release|Any CPU
		{E3EC6631-E024-4F08-B1B2-342CB68A2483}.Debug|Any CPU.ActiveCfg = Debug|Any CPU
		{E3EC6631-E024-4F08-B1B2-342CB68A2483}.Debug|Any CPU.Build.0 = Debug|Any CPU
		{E3EC6631-E024-4F08-B1B2-342CB68A2483}.Release|Any CPU.ActiveCfg = Release|Any CPU
		{E3EC6631-E024-4F08-B1B2-342CB68A2483}.Release|Any CPU.Build.0 = Release|Any CPU
		{0038AC47-F1D7-4158-8758-A14CB69FF42C}.Debug|Any CPU.ActiveCfg = Debug|Any CPU
		{0038AC47-F1D7-4158-8758-A14CB69FF42C}.Debug|Any CPU.Build.0 = Debug|Any CPU
		{0038AC47-F1D7-4158-8758-A14CB69FF42C}.Release|Any CPU.ActiveCfg = Release|Any CPU
		{0038AC47-F1D7-4158-8758-A14CB69FF42C}.Release|Any CPU.Build.0 = Release|Any CPU
		{9BD6B12E-72E4-4322-86A7-D9C3E280FA44}.Debug|Any CPU.ActiveCfg = Debug|Any CPU
		{9BD6B12E-72E4-4322-86A7-D9C3E280FA44}.Debug|Any CPU.Build.0 = Debug|Any CPU
		{9BD6B12E-72E4-4322-86A7-D9C3E280FA44}.Release|Any CPU.ActiveCfg = Release|Any CPU
		{9BD6B12E-72E4-4322-86A7-D9C3E280FA44}.Release|Any CPU.Build.0 = Release|Any CPU
		{2B313307-FAFC-4972-9B27-161DB81B7F32}.Debug|Any CPU.ActiveCfg = Debug|Any CPU
		{2B313307-FAFC-4972-9B27-161DB81B7F32}.Debug|Any CPU.Build.0 = Debug|Any CPU
		{2B313307-FAFC-4972-9B27-161DB81B7F32}.Release|Any CPU.ActiveCfg = Release|Any CPU
		{2B313307-FAFC-4972-9B27-161DB81B7F32}.Release|Any CPU.Build.0 = Release|Any CPU
		{0EC29283-85F1-4570-815D-10C934E2BC58}.Debug|Any CPU.ActiveCfg = Debug|Any CPU
		{0EC29283-85F1-4570-815D-10C934E2BC58}.Debug|Any CPU.Build.0 = Debug|Any CPU
		{0EC29283-85F1-4570-815D-10C934E2BC58}.Release|Any CPU.ActiveCfg = Release|Any CPU
		{0EC29283-85F1-4570-815D-10C934E2BC58}.Release|Any CPU.Build.0 = Release|Any CPU
	EndGlobalSection
	GlobalSection(SolutionProperties) = preSolution
		HideSolutionNode = FALSE
	EndGlobalSection
	GlobalSection(NestedProjects) = preSolution
		{A6A9E335-D16F-4209-8D29-AE8BEFD89C3F} = {9A2C23C6-DE2F-4B2F-B05C-B4A6CFDA6B2C}
		{1EC3DF72-7B02-44E5-BD0A-F6739EC5C393} = {9A2C23C6-DE2F-4B2F-B05C-B4A6CFDA6B2C}
		{8ABEE178-1E3A-4043-9EE0-E7BE72ABAB41} = {9A2C23C6-DE2F-4B2F-B05C-B4A6CFDA6B2C}
		{4B24E12E-8C2E-491C-AFD3-D9AEC4D13600} = {93903553-D9EF-4AFE-823E-A81AF43BC1AB}
		{0B9572C9-36CB-4570-9A4B-9EE683375E6E} = {93903553-D9EF-4AFE-823E-A81AF43BC1AB}
		{734FDD17-3E7E-4BBF-AD4A-902B14DB8769} = {93903553-D9EF-4AFE-823E-A81AF43BC1AB}
		{4E80DCB6-369A-4158-897A-88CB14131653} = {93903553-D9EF-4AFE-823E-A81AF43BC1AB}
		{BBEC6D3A-F674-4336-BE08-37E72E6F3062} = {93903553-D9EF-4AFE-823E-A81AF43BC1AB}
		{97BD33FC-EE7D-4697-A8F0-DF8C30F8618D} = {93903553-D9EF-4AFE-823E-A81AF43BC1AB}
		{941C08A0-AEA8-4233-973F-3EAC4494FE79} = {93903553-D9EF-4AFE-823E-A81AF43BC1AB}
		{7E0FC3EC-0116-40C9-BD83-F14C729A0650} = {93903553-D9EF-4AFE-823E-A81AF43BC1AB}
		{D8EE032F-1850-45D1-9F7B-616CCFA2A1D0} = {93903553-D9EF-4AFE-823E-A81AF43BC1AB}
		{1B9F7100-0D71-41E5-89EF-EED880DA12F3} = {93903553-D9EF-4AFE-823E-A81AF43BC1AB}
		{03067366-5E5E-46A1-9BB3-62267506AEEA} = {93903553-D9EF-4AFE-823E-A81AF43BC1AB}
		{9A2C23C6-DE2F-4B2F-B05C-B4A6CFDA6B2C} = {3196608E-FD0F-4986-99E1-3A99594BC89A}
		{93903553-D9EF-4AFE-823E-A81AF43BC1AB} = {3196608E-FD0F-4986-99E1-3A99594BC89A}
		{D721CEA5-3A94-4410-BE04-CB3B283447B3} = {3196608E-FD0F-4986-99E1-3A99594BC89A}
		{E2621A8B-B6CA-4DC7-AA6E-26AF965AC5A9} = {D721CEA5-3A94-4410-BE04-CB3B283447B3}
		{66D75443-84CE-4CB4-9C4D-C0CB16B20391} = {D721CEA5-3A94-4410-BE04-CB3B283447B3}
		{70774FF5-247F-4E3C-8C90-CF27B4FDE13D} = {D721CEA5-3A94-4410-BE04-CB3B283447B3}
		{DAC4F273-5271-42FA-852B-68E670BAD37A} = {D721CEA5-3A94-4410-BE04-CB3B283447B3}
		{67A14A47-01D6-4B18-AF55-8C6FE8A30569} = {D721CEA5-3A94-4410-BE04-CB3B283447B3}
		{6001ED0E-3B37-4253-B797-7C52FAEEDD75} = {D721CEA5-3A94-4410-BE04-CB3B283447B3}
		{06DB411A-4757-4A00-88D4-19240DF20ED6} = {D721CEA5-3A94-4410-BE04-CB3B283447B3}
		{E3EC6631-E024-4F08-B1B2-342CB68A2483} = {D721CEA5-3A94-4410-BE04-CB3B283447B3}
		{0038AC47-F1D7-4158-8758-A14CB69FF42C} = {D721CEA5-3A94-4410-BE04-CB3B283447B3}
		{9BD6B12E-72E4-4322-86A7-D9C3E280FA44} = {D721CEA5-3A94-4410-BE04-CB3B283447B3}
		{13DEEEDD-A5CF-47F4-891B-1F8F6621061F} = {5D712BC8-7627-420E-9041-A0F896E77094}
		{2B313307-FAFC-4972-9B27-161DB81B7F32} = {13DEEEDD-A5CF-47F4-891B-1F8F6621061F}
		{0EC29283-85F1-4570-815D-10C934E2BC58} = {13DEEEDD-A5CF-47F4-891B-1F8F6621061F}
	EndGlobalSection
	GlobalSection(ExtensibilityGlobals) = postSolution
		SolutionGuid = {3B684D22-2A53-4299-9D80-F9A11A44435E}
	EndGlobalSection
EndGlobal
